// !$*UTF8*$!
{
	archiveVersion = 1;
	classes = {
	};
	objectVersion = 46;
	objects = {

/* Begin PBXBuildFile section */
		2130C1A41DEC83CE00C27711 /* LoginChallengeHandler.swift in Sources */ = {isa = PBXBuildFile; fileRef = 2130C1A31DEC83CE00C27711 /* LoginChallengeHandler.swift */; };
		2130C1A61DEC84CF00C27711 /* mfpclient.plist in Resources */ = {isa = PBXBuildFile; fileRef = 2130C1A51DEC84CF00C27711 /* mfpclient.plist */; };
		21A8AF451DEC7EC800C35162 /* AppDelegate.swift in Sources */ = {isa = PBXBuildFile; fileRef = 21A8AF441DEC7EC800C35162 /* AppDelegate.swift */; };
		21A8AF471DEC7EC800C35162 /* ViewController.swift in Sources */ = {isa = PBXBuildFile; fileRef = 21A8AF461DEC7EC800C35162 /* ViewController.swift */; };
		21A8AF4A1DEC7EC800C35162 /* Main.storyboard in Resources */ = {isa = PBXBuildFile; fileRef = 21A8AF481DEC7EC800C35162 /* Main.storyboard */; };
		21A8AF4C1DEC7EC800C35162 /* Assets.xcassets in Resources */ = {isa = PBXBuildFile; fileRef = 21A8AF4B1DEC7EC800C35162 /* Assets.xcassets */; };
		21A8AF4F1DEC7EC800C35162 /* LaunchScreen.storyboard in Resources */ = {isa = PBXBuildFile; fileRef = 21A8AF4D1DEC7EC800C35162 /* LaunchScreen.storyboard */; };
		FE7B4ECE7BCA6BFE29F171EA /* Pods_MFPDemoLargeFiles.framework in Frameworks */ = {isa = PBXBuildFile; fileRef = 046CE545DA6D9B0BD8C327D8 /* Pods_MFPDemoLargeFiles.framework */; };
/* End PBXBuildFile section */

/* Begin PBXFileReference section */
		046CE545DA6D9B0BD8C327D8 /* Pods_MFPDemoLargeFiles.framework */ = {isa = PBXFileReference; explicitFileType = wrapper.framework; includeInIndex = 0; path = Pods_MFPDemoLargeFiles.framework; sourceTree = BUILT_PRODUCTS_DIR; };
		2130C1A31DEC83CE00C27711 /* LoginChallengeHandler.swift */ = {isa = PBXFileReference; fileEncoding = 4; lastKnownFileType = sourcecode.swift; path = LoginChallengeHandler.swift; sourceTree = "<group>"; };
		2130C1A51DEC84CF00C27711 /* mfpclient.plist */ = {isa = PBXFileReference; fileEncoding = 4; lastKnownFileType = text.plist.xml; path = mfpclient.plist; sourceTree = "<group>"; };
		2130C1A71DEC850500C27711 /* MFPDemoLargeFiles.entitlements */ = {isa = PBXFileReference; lastKnownFileType = text.plist.entitlements; path = MFPDemoLargeFiles.entitlements; sourceTree = "<group>"; };
		21A8AF411DEC7EC800C35162 /* MFPDemoLargeFiles.app */ = {isa = PBXFileReference; explicitFileType = wrapper.application; includeInIndex = 0; path = MFPDemoLargeFiles.app; sourceTree = BUILT_PRODUCTS_DIR; };
		21A8AF441DEC7EC800C35162 /* AppDelegate.swift */ = {isa = PBXFileReference; lastKnownFileType = sourcecode.swift; path = AppDelegate.swift; sourceTree = "<group>"; };
		21A8AF461DEC7EC800C35162 /* ViewController.swift */ = {isa = PBXFileReference; lastKnownFileType = sourcecode.swift; path = ViewController.swift; sourceTree = "<group>"; };
		21A8AF491DEC7EC800C35162 /* Base */ = {isa = PBXFileReference; lastKnownFileType = file.storyboard; name = Base; path = Base.lproj/Main.storyboard; sourceTree = "<group>"; };
		21A8AF4B1DEC7EC800C35162 /* Assets.xcassets */ = {isa = PBXFileReference; lastKnownFileType = folder.assetcatalog; path = Assets.xcassets; sourceTree = "<group>"; };
		21A8AF4E1DEC7EC800C35162 /* Base */ = {isa = PBXFileReference; lastKnownFileType = file.storyboard; name = Base; path = Base.lproj/LaunchScreen.storyboard; sourceTree = "<group>"; };
		21A8AF501DEC7EC800C35162 /* Info.plist */ = {isa = PBXFileReference; lastKnownFileType = text.plist.xml; path = Info.plist; sourceTree = "<group>"; };
		27C1245F053ED36100469BFD /* Pods-MFPDemoLargeFiles.release.xcconfig */ = {isa = PBXFileReference; includeInIndex = 1; lastKnownFileType = text.xcconfig; name = "Pods-MFPDemoLargeFiles.release.xcconfig"; path = "Pods/Target Support Files/Pods-MFPDemoLargeFiles/Pods-MFPDemoLargeFiles.release.xcconfig"; sourceTree = "<group>"; };
		705C4DDDAA21853776ECE42E /* Pods-MFPDemoLargeFiles.debug.xcconfig */ = {isa = PBXFileReference; includeInIndex = 1; lastKnownFileType = text.xcconfig; name = "Pods-MFPDemoLargeFiles.debug.xcconfig"; path = "Pods/Target Support Files/Pods-MFPDemoLargeFiles/Pods-MFPDemoLargeFiles.debug.xcconfig"; sourceTree = "<group>"; };
/* End PBXFileReference section */

/* Begin PBXFrameworksBuildPhase section */
		21A8AF3E1DEC7EC800C35162 /* Frameworks */ = {
			isa = PBXFrameworksBuildPhase;
			buildActionMask = 2147483647;
			files = (
				FE7B4ECE7BCA6BFE29F171EA /* Pods_MFPDemoLargeFiles.framework in Frameworks */,
			);
			runOnlyForDeploymentPostprocessing = 0;
		};
/* End PBXFrameworksBuildPhase section */

/* Begin PBXGroup section */
		21A8AF381DEC7EC800C35162 = {
			isa = PBXGroup;
			children = (
				2130C1A51DEC84CF00C27711 /* mfpclient.plist */,
				21A8AF431DEC7EC800C35162 /* MFPDemoLargeFiles */,
				21A8AF421DEC7EC800C35162 /* Products */,
				3F29E17198B341BF88816F30 /* Pods */,
				27D31A93B4DBB519859C06E7 /* Frameworks */,
			);
			sourceTree = "<group>";
		};
		21A8AF421DEC7EC800C35162 /* Products */ = {
			isa = PBXGroup;
			children = (
				21A8AF411DEC7EC800C35162 /* MFPDemoLargeFiles.app */,
			);
			name = Products;
			sourceTree = "<group>";
		};
		21A8AF431DEC7EC800C35162 /* MFPDemoLargeFiles */ = {
			isa = PBXGroup;
			children = (
				2130C1A71DEC850500C27711 /* MFPDemoLargeFiles.entitlements */,
				21A8AF441DEC7EC800C35162 /* AppDelegate.swift */,
				21A8AF461DEC7EC800C35162 /* ViewController.swift */,
				2130C1A31DEC83CE00C27711 /* LoginChallengeHandler.swift */,
				21A8AF481DEC7EC800C35162 /* Main.storyboard */,
				21A8AF4B1DEC7EC800C35162 /* Assets.xcassets */,
				21A8AF4D1DEC7EC800C35162 /* LaunchScreen.storyboard */,
				21A8AF501DEC7EC800C35162 /* Info.plist */,
			);
			path = MFPDemoLargeFiles;
			sourceTree = "<group>";
		};
		27D31A93B4DBB519859C06E7 /* Frameworks */ = {
			isa = PBXGroup;
			children = (
				046CE545DA6D9B0BD8C327D8 /* Pods_MFPDemoLargeFiles.framework */,
			);
			name = Frameworks;
			sourceTree = "<group>";
		};
		3F29E17198B341BF88816F30 /* Pods */ = {
			isa = PBXGroup;
			children = (
				705C4DDDAA21853776ECE42E /* Pods-MFPDemoLargeFiles.debug.xcconfig */,
				27C1245F053ED36100469BFD /* Pods-MFPDemoLargeFiles.release.xcconfig */,
			);
			name = Pods;
			sourceTree = "<group>";
		};
/* End PBXGroup section */

/* Begin PBXNativeTarget section */
		21A8AF401DEC7EC800C35162 /* MFPDemoLargeFiles */ = {
			isa = PBXNativeTarget;
			buildConfigurationList = 21A8AF531DEC7EC800C35162 /* Build configuration list for PBXNativeTarget "MFPDemoLargeFiles" */;
			buildPhases = (
				29CAAC74B8B41FE68DF1ABA6 /* [CP] Check Pods Manifest.lock */,
				21A8AF3D1DEC7EC800C35162 /* Sources */,
				21A8AF3E1DEC7EC800C35162 /* Frameworks */,
				21A8AF3F1DEC7EC800C35162 /* Resources */,
				36BCE1730EEE986D8577D97A /* [CP] Embed Pods Frameworks */,
				035EDAD0FC685DEFB470D39B /* [CP] Copy Pods Resources */,
			);
			buildRules = (
			);
			dependencies = (
			);
			name = MFPDemoLargeFiles;
			productName = MFPDemoLargeFiles;
			productReference = 21A8AF411DEC7EC800C35162 /* MFPDemoLargeFiles.app */;
			productType = "com.apple.product-type.application";
		};
/* End PBXNativeTarget section */

/* Begin PBXProject section */
		21A8AF391DEC7EC800C35162 /* Project object */ = {
			isa = PBXProject;
			attributes = {
				LastSwiftUpdateCheck = 0810;
				LastUpgradeCheck = 0810;
				ORGANIZATIONNAME = IBM;
				TargetAttributes = {
					21A8AF401DEC7EC800C35162 = {
						CreatedOnToolsVersion = 8.1;
						DevelopmentTeam = TN6YQNGLXP;
						ProvisioningStyle = Automatic;
						SystemCapabilities = {
							com.apple.Keychain = {
								enabled = 1;
							};
						};
					};
				};
			};
			buildConfigurationList = 21A8AF3C1DEC7EC800C35162 /* Build configuration list for PBXProject "MFPDemoLargeFiles" */;
			compatibilityVersion = "Xcode 3.2";
			developmentRegion = English;
			hasScannedForEncodings = 0;
			knownRegions = (
				en,
				Base,
			);
			mainGroup = 21A8AF381DEC7EC800C35162;
			productRefGroup = 21A8AF421DEC7EC800C35162 /* Products */;
			projectDirPath = "";
			projectRoot = "";
			targets = (
				21A8AF401DEC7EC800C35162 /* MFPDemoLargeFiles */,
			);
		};
/* End PBXProject section */

/* Begin PBXResourcesBuildPhase section */
		21A8AF3F1DEC7EC800C35162 /* Resources */ = {
			isa = PBXResourcesBuildPhase;
			buildActionMask = 2147483647;
			files = (
				21A8AF4F1DEC7EC800C35162 /* LaunchScreen.storyboard in Resources */,
				21A8AF4C1DEC7EC800C35162 /* Assets.xcassets in Resources */,
				21A8AF4A1DEC7EC800C35162 /* Main.storyboard in Resources */,
				2130C1A61DEC84CF00C27711 /* mfpclient.plist in Resources */,
			);
			runOnlyForDeploymentPostprocessing = 0;
		};
/* End PBXResourcesBuildPhase section */

/* Begin PBXShellScriptBuildPhase section */
		035EDAD0FC685DEFB470D39B /* [CP] Copy Pods Resources */ = {
			isa = PBXShellScriptBuildPhase;
			buildActionMask = 2147483647;
			files = (
			);
			inputPaths = (
			);
			name = "[CP] Copy Pods Resources";
			outputPaths = (
			);
			runOnlyForDeploymentPostprocessing = 0;
			shellPath = /bin/sh;
			shellScript = "\"${SRCROOT}/Pods/Target Support Files/Pods-MFPDemoLargeFiles/Pods-MFPDemoLargeFiles-resources.sh\"\n";
			showEnvVarsInLog = 0;
		};
		29CAAC74B8B41FE68DF1ABA6 /* [CP] Check Pods Manifest.lock */ = {
			isa = PBXShellScriptBuildPhase;
			buildActionMask = 2147483647;
			files = (
			);
			inputPaths = (
			);
			name = "[CP] Check Pods Manifest.lock";
			outputPaths = (
			);
			runOnlyForDeploymentPostprocessing = 0;
			shellPath = /bin/sh;
			shellScript = "diff \"${PODS_ROOT}/../Podfile.lock\" \"${PODS_ROOT}/Manifest.lock\" > /dev/null\nif [ $? != 0 ] ; then\n    # print error to STDERR\n    echo \"error: The sandbox is not in sync with the Podfile.lock. Run 'pod install' or update your CocoaPods installation.\" >&2\n    exit 1\nfi\n";
			showEnvVarsInLog = 0;
		};
		36BCE1730EEE986D8577D97A /* [CP] Embed Pods Frameworks */ = {
			isa = PBXShellScriptBuildPhase;
			buildActionMask = 2147483647;
			files = (
			);
			inputPaths = (
			);
			name = "[CP] Embed Pods Frameworks";
			outputPaths = (
			);
			runOnlyForDeploymentPostprocessing = 0;
			shellPath = /bin/sh;
			shellScript = "\"${SRCROOT}/Pods/Target Support Files/Pods-MFPDemoLargeFiles/Pods-MFPDemoLargeFiles-frameworks.sh\"\n";
			showEnvVarsInLog = 0;
		};
/* End PBXShellScriptBuildPhase section */

/* Begin PBXSourcesBuildPhase section */
		21A8AF3D1DEC7EC800C35162 /* Sources */ = {
			isa = PBXSourcesBuildPhase;
			buildActionMask = 2147483647;
			files = (
				21A8AF471DEC7EC800C35162 /* ViewController.swift in Sources */,
				2130C1A41DEC83CE00C27711 /* LoginChallengeHandler.swift in Sources */,
				21A8AF451DEC7EC800C35162 /* AppDelegate.swift in Sources */,
			);
			runOnlyForDeploymentPostprocessing = 0;
		};
/* End PBXSourcesBuildPhase section */

/* Begin PBXVariantGroup section */
		21A8AF481DEC7EC800C35162 /* Main.storyboard */ = {
			isa = PBXVariantGroup;
			children = (
				21A8AF491DEC7EC800C35162 /* Base */,
			);
			name = Main.storyboard;
			sourceTree = "<group>";
		};
		21A8AF4D1DEC7EC800C35162 /* LaunchScreen.storyboard */ = {
			isa = PBXVariantGroup;
			children = (
				21A8AF4E1DEC7EC800C35162 /* Base */,
			);
			name = LaunchScreen.storyboard;
			sourceTree = "<group>";
		};
/* End PBXVariantGroup section */

/* Begin XCBuildConfiguration section */
		21A8AF511DEC7EC800C35162 /* Debug */ = {
			isa = XCBuildConfiguration;
			buildSettings = {
				ALWAYS_SEARCH_USER_PATHS = NO;
				CLANG_ANALYZER_NONNULL = YES;
				CLANG_CXX_LANGUAGE_STANDARD = "gnu++0x";
				CLANG_CXX_LIBRARY = "libc++";
				CLANG_ENABLE_MODULES = YES;
				CLANG_ENABLE_OBJC_ARC = YES;
				CLANG_WARN_BOOL_CONVERSION = YES;
				CLANG_WARN_CONSTANT_CONVERSION = YES;
				CLANG_WARN_DIRECT_OBJC_ISA_USAGE = YES_ERROR;
				CLANG_WARN_DOCUMENTATION_COMMENTS = YES;
				CLANG_WARN_EMPTY_BODY = YES;
				CLANG_WARN_ENUM_CONVERSION = YES;
				CLANG_WARN_INFINITE_RECURSION = YES;
				CLANG_WARN_INT_CONVERSION = YES;
				CLANG_WARN_OBJC_ROOT_CLASS = YES_ERROR;
				CLANG_WARN_SUSPICIOUS_MOVES = YES;
				CLANG_WARN_UNREACHABLE_CODE = YES;
				CLANG_WARN__DUPLICATE_METHOD_MATCH = YES;
				"CODE_SIGN_IDENTITY[sdk=iphoneos*]" = "iPhone Developer";
				COPY_PHASE_STRIP = NO;
				DEBUG_INFORMATION_FORMAT = dwarf;
				ENABLE_STRICT_OBJC_MSGSEND = YES;
				ENABLE_TESTABILITY = YES;
				GCC_C_LANGUAGE_STANDARD = gnu99;
				GCC_DYNAMIC_NO_PIC = NO;
				GCC_NO_COMMON_BLOCKS = YES;
				GCC_OPTIMIZATION_LEVEL = 0;
				GCC_PREPROCESSOR_DEFINITIONS = (
					"DEBUG=1",
					"$(inherited)",
				);
				GCC_WARN_64_TO_32_BIT_CONVERSION = YES;
				GCC_WARN_ABOUT_RETURN_TYPE = YES_ERROR;
				GCC_WARN_UNDECLARED_SELECTOR = YES;
				GCC_WARN_UNINITIALIZED_AUTOS = YES_AGGRESSIVE;
				GCC_WARN_UNUSED_FUNCTION = YES;
				GCC_WARN_UNUSED_VARIABLE = YES;
				IPHONEOS_DEPLOYMENT_TARGET = 10.1;
				MTL_ENABLE_DEBUG_INFO = YES;
				ONLY_ACTIVE_ARCH = YES;
				SDKROOT = iphoneos;
				SWIFT_ACTIVE_COMPILATION_CONDITIONS = DEBUG;
				SWIFT_OPTIMIZATION_LEVEL = "-Onone";
			};
			name = Debug;
		};
		21A8AF521DEC7EC800C35162 /* Release */ = {
			isa = XCBuildConfiguration;
			buildSettings = {
				ALWAYS_SEARCH_USER_PATHS = NO;
				CLANG_ANALYZER_NONNULL = YES;
				CLANG_CXX_LANGUAGE_STANDARD = "gnu++0x";
				CLANG_CXX_LIBRARY = "libc++";
				CLANG_ENABLE_MODULES = YES;
				CLANG_ENABLE_OBJC_ARC = YES;
				CLANG_WARN_BOOL_CONVERSION = YES;
				CLANG_WARN_CONSTANT_CONVERSION = YES;
				CLANG_WARN_DIRECT_OBJC_ISA_USAGE = YES_ERROR;
				CLANG_WARN_DOCUMENTATION_COMMENTS = YES;
				CLANG_WARN_EMPTY_BODY = YES;
				CLANG_WARN_ENUM_CONVERSION = YES;
				CLANG_WARN_INFINITE_RECURSION = YES;
				CLANG_WARN_INT_CONVERSION = YES;
				CLANG_WARN_OBJC_ROOT_CLASS = YES_ERROR;
				CLANG_WARN_SUSPICIOUS_MOVES = YES;
				CLANG_WARN_UNREACHABLE_CODE = YES;
				CLANG_WARN__DUPLICATE_METHOD_MATCH = YES;
				"CODE_SIGN_IDENTITY[sdk=iphoneos*]" = "iPhone Developer";
				COPY_PHASE_STRIP = NO;
				DEBUG_INFORMATION_FORMAT = "dwarf-with-dsym";
				ENABLE_NS_ASSERTIONS = NO;
				ENABLE_STRICT_OBJC_MSGSEND = YES;
				GCC_C_LANGUAGE_STANDARD = gnu99;
				GCC_NO_COMMON_BLOCKS = YES;
				GCC_WARN_64_TO_32_BIT_CONVERSION = YES;
				GCC_WARN_ABOUT_RETURN_TYPE = YES_ERROR;
				GCC_WARN_UNDECLARED_SELECTOR = YES;
				GCC_WARN_UNINITIALIZED_AUTOS = YES_AGGRESSIVE;
				GCC_WARN_UNUSED_FUNCTION = YES;
				GCC_WARN_UNUSED_VARIABLE = YES;
				IPHONEOS_DEPLOYMENT_TARGET = 10.1;
				MTL_ENABLE_DEBUG_INFO = NO;
				SDKROOT = iphoneos;
				SWIFT_OPTIMIZATION_LEVEL = "-Owholemodule";
				VALIDATE_PRODUCT = YES;
			};
			name = Release;
		};
		21A8AF541DEC7EC800C35162 /* Debug */ = {
			isa = XCBuildConfiguration;
			baseConfigurationReference = 705C4DDDAA21853776ECE42E /* Pods-MFPDemoLargeFiles.debug.xcconfig */;
			buildSettings = {
				ASSETCATALOG_COMPILER_APPICON_NAME = AppIcon;
				CODE_SIGN_ENTITLEMENTS = MFPDemoLargeFiles/MFPDemoLargeFiles.entitlements;
				DEVELOPMENT_TEAM = TN6YQNGLXP;
				INFOPLIST_FILE = MFPDemoLargeFiles/Info.plist;
				LD_RUNPATH_SEARCH_PATHS = "$(inherited) @executable_path/Frameworks";
				PRODUCT_BUNDLE_IDENTIFIER = com.ibm.demo.mfpdemolargefiles;
				PRODUCT_NAME = "$(TARGET_NAME)";
				SWIFT_VERSION = 3.0;
			};
			name = Debug;
		};
		21A8AF551DEC7EC800C35162 /* Release */ = {
			isa = XCBuildConfiguration;
			baseConfigurationReference = 27C1245F053ED36100469BFD /* Pods-MFPDemoLargeFiles.release.xcconfig */;
			buildSettings = {
				ASSETCATALOG_COMPILER_APPICON_NAME = AppIcon;
				CODE_SIGN_ENTITLEMENTS = MFPDemoLargeFiles/MFPDemoLargeFiles.entitlements;
				DEVELOPMENT_TEAM = TN6YQNGLXP;
				INFOPLIST_FILE = MFPDemoLargeFiles/Info.plist;
				LD_RUNPATH_SEARCH_PATHS = "$(inherited) @executable_path/Frameworks";
				PRODUCT_BUNDLE_IDENTIFIER = com.ibm.demo.mfpdemolargefiles;
				PRODUCT_NAME = "$(TARGET_NAME)";
				SWIFT_VERSION = 3.0;
			};
			name = Release;
		};
/* End XCBuildConfiguration section */

/* Begin XCConfigurationList section */
		21A8AF3C1DEC7EC800C35162 /* Build configuration list for PBXProject "MFPDemoLargeFiles" */ = {
			isa = XCConfigurationList;
			buildConfigurations = (
				21A8AF511DEC7EC800C35162 /* Debug */,
				21A8AF521DEC7EC800C35162 /* Release */,
			);
			defaultConfigurationIsVisible = 0;
			defaultConfigurationName = Release;
		};
		21A8AF531DEC7EC800C35162 /* Build configuration list for PBXNativeTarget "MFPDemoLargeFiles" */ = {
			isa = XCConfigurationList;
			buildConfigurations = (
				21A8AF541DEC7EC800C35162 /* Debug */,
				21A8AF551DEC7EC800C35162 /* Release */,
			);
			defaultConfigurationIsVisible = 0;
			defaultConfigurationName = Release;
		};
/* End XCConfigurationList section */
	};
	rootObject = 21A8AF391DEC7EC800C35162 /* Project object */;
}
